
Microsoft Visual Studio Solution File, Format Version 12.00
# Visual Studio Version 16
VisualStudioVersion = 16.0.30621.155
MinimumVisualStudioVersion = 10.0.40219.1
Project("{FAE04EC0-301F-11D3-BF4B-00C04F79EFBC}") = "ourfitnessplan", "ourfitnessplan\ourfitnessplan.csproj", "{1DEF46DE-E0D0-4293-B9C2-2EAD0D104D17}"
EndProject
Global
	GlobalSection(SolutionConfigurationPlatforms) = preSolution
		Debug|Any CPU = Debug|Any CPU
		Release|Any CPU = Release|Any CPU
	EndGlobalSection
	GlobalSection(ProjectConfigurationPlatforms) = postSolution
		{1DEF46DE-E0D0-4293-B9C2-2EAD0D104D17}.Debug|Any CPU.ActiveCfg = Debug|Any CPU
		{1DEF46DE-E0D0-4293-B9C2-2EAD0D104D17}.Debug|Any CPU.Build.0 = Debug|Any CPU
		{1DEF46DE-E0D0-4293-B9C2-2EAD0D104D17}.Release|Any CPU.ActiveCfg = Release|Any CPU
		{1DEF46DE-E0D0-4293-B9C2-2EAD0D104D17}.Release|Any CPU.Build.0 = Release|Any CPU
	EndGlobalSection
	GlobalSection(SolutionProperties) = preSolution
		HideSolutionNode = FALSE
	EndGlobalSection
	GlobalSection(ExtensibilityGlobals) = postSolution
		SolutionGuid = {B91DE8D1-491E-4B84-B6F2-DC5D2BF825F2}
	EndGlobalSection
EndGlobal
